# This file was autogenerated by Stack.
# You should not edit this file by hand.
# For more information, please see the documentation at:
#   https://docs.haskellstack.org/en/stable/lock_files

packages:
- completed:
    size: 8255
    url: https://github.com/abarbu/dot/archive/6cdac3d452fd128b1e5b0aa13057cec505842cf9.tar.gz
    name: dot
    version: '0.3'
    sha256: 9877ad2c09187267da375ab6538365dec44cc598b1d9f9932ea6a982b1f792c9
    pantry-tree:
      size: 689
      sha256: 4023eac5d176154ae5722941957e5d7966896985dedf57e1e00c9ee7b69409b7
  original:
    url: https://github.com/abarbu/dot/archive/6cdac3d452fd128b1e5b0aa13057cec505842cf9.tar.gz
- completed:
    size: 6035
    url: https://github.com/waddlaw/haskell-stack-trace-plugin/archive/c9ce1767377cf325569fb2be355431f1851f5fc9.tar.gz
    name: haskell-stack-trace-plugin
    version: 0.1.3.0
    sha256: b9c40934fa483c7c50c96d5977705ca14ecc846082a77fd6ed5d34a4916d043a
    pantry-tree:
      size: 646
      sha256: d56ff67eea0ff2d24913704521434c7e39ca21173fe944d6f6c74f02a2b27c08
  original:
    url: https://github.com/waddlaw/haskell-stack-trace-plugin/archive/c9ce1767377cf325569fb2be355431f1851f5fc9.tar.gz
snapshots:
- completed:
    size: 586268
    url: https://raw.githubusercontent.com/commercialhaskell/stackage-snapshots/master/lts/18/13.yaml
    sha256: d9e658a22cfe8d87a64fdf219885f942fef5fe2bcb156a9800174911c5da2443
  original: lts-18.13
